
Microsoft Visual Studio Solution File, Format Version 12.00
# Visual Studio Version 17
VisualStudioVersion = 17.5.33424.131
MinimumVisualStudioVersion = 10.0.40219.1
Project("{9A19103F-16F7-4668-BE54-9A1E7A4F7556}") = "Infrastructure", "Infrastructure\Infrastructure.csproj", "{2DAFD5A5-3E79-4125-B4BE-DDC940EC56D6}"
EndProject
Project("{9A19103F-16F7-4668-BE54-9A1E7A4F7556}") = "WorkerService", "WorkerService\WorkerService.csproj", "{6982AA88-81D4-4F4C-A88E-114B22D8507B}"
EndProject
Project("{9A19103F-16F7-4668-BE54-9A1E7A4F7556}") = "Infrastructure.UnitTests", "Infrastructure.UnitTests\Infrastructure.UnitTests.csproj", "{75122398-55C8-42FF-846C-4C8FFBE96DC7}"
EndProject
Project("{9A19103F-16F7-4668-BE54-9A1E7A4F7556}") = "WorkerService.UnitTests", "WorkerService.UnitTests\WorkerService.UnitTests.csproj", "{544A49CD-DEC2-49F4-8351-9A98DD407A55}"
EndProject
Project("{9A19103F-16F7-4668-BE54-9A1E7A4F7556}") = "Testing", "Testing\Testing.csproj", "{8CA2E156-14E0-4588-BE30-8A174DA5341D}"
EndProject
Global
	GlobalSection(SolutionConfigurationPlatforms) = preSolution
		Debug|Any CPU = Debug|Any CPU
		Release|Any CPU = Release|Any CPU
	EndGlobalSection
	GlobalSection(ProjectConfigurationPlatforms) = postSolution
		{2DAFD5A5-3E79-4125-B4BE-DDC940EC56D6}.Debug|Any CPU.ActiveCfg = Debug|Any CPU
		{2DAFD5A5-3E79-4125-B4BE-DDC940EC56D6}.Debug|Any CPU.Build.0 = Debug|Any CPU
		{2DAFD5A5-3E79-4125-B4BE-DDC940EC56D6}.Release|Any CPU.ActiveCfg = Release|Any CPU
		{2DAFD5A5-3E79-4125-B4BE-DDC940EC56D6}.Release|Any CPU.Build.0 = Release|Any CPU
		{6982AA88-81D4-4F4C-A88E-114B22D8507B}.Debug|Any CPU.ActiveCfg = Debug|Any CPU
		{6982AA88-81D4-4F4C-A88E-114B22D8507B}.Debug|Any CPU.Build.0 = Debug|Any CPU
		{6982AA88-81D4-4F4C-A88E-114B22D8507B}.Release|Any CPU.ActiveCfg = Release|Any CPU
		{6982AA88-81D4-4F4C-A88E-114B22D8507B}.Release|Any CPU.Build.0 = Release|Any CPU
		{75122398-55C8-42FF-846C-4C8FFBE96DC7}.Debug|Any CPU.ActiveCfg = Debug|Any CPU
		{75122398-55C8-42FF-846C-4C8FFBE96DC7}.Debug|Any CPU.Build.0 = Debug|Any CPU
		{75122398-55C8-42FF-846C-4C8FFBE96DC7}.Release|Any CPU.ActiveCfg = Release|Any CPU
		{75122398-55C8-42FF-846C-4C8FFBE96DC7}.Release|Any CPU.Build.0 = Release|Any CPU
		{544A49CD-DEC2-49F4-8351-9A98DD407A55}.Debug|Any CPU.ActiveCfg = Debug|Any CPU
		{544A49CD-DEC2-49F4-8351-9A98DD407A55}.Debug|Any CPU.Build.0 = Debug|Any CPU
		{544A49CD-DEC2-49F4-8351-9A98DD407A55}.Release|Any CPU.ActiveCfg = Release|Any CPU
		{544A49CD-DEC2-49F4-8351-9A98DD407A55}.Release|Any CPU.Build.0 = Release|Any CPU
		{8CA2E156-14E0-4588-BE30-8A174DA5341D}.Debug|Any CPU.ActiveCfg = Debug|Any CPU
		{8CA2E156-14E0-4588-BE30-8A174DA5341D}.Debug|Any CPU.Build.0 = Debug|Any CPU
		{8CA2E156-14E0-4588-BE30-8A174DA5341D}.Release|Any CPU.ActiveCfg = Release|Any CPU
		{8CA2E156-14E0-4588-BE30-8A174DA5341D}.Release|Any CPU.Build.0 = Release|Any CPU
	EndGlobalSection
	GlobalSection(SolutionProperties) = preSolution
		HideSolutionNode = FALSE
	EndGlobalSection
	GlobalSection(ExtensibilityGlobals) = postSolution
		SolutionGuid = {993B12CC-DE72-4C78-BDED-75AD4E770340}
	EndGlobalSection
EndGlobal
